
Microsoft Visual Studio Solution File, Format Version 12.00
# Visual Studio Version 17
VisualStudioVersion = 17.3.32901.215
MinimumVisualStudioVersion = 10.0.40219.1
Project("{FAE04EC0-301F-11D3-BF4B-00C04F79EFBC}") = "Laboratory_5_C_Sharp", "Laboratory_5_C_Sharp\Laboratory_5_C_Sharp.csproj", "{3C4327D3-66DC-47C9-9396-8B60DD00C25B}"
EndProject
Global
	GlobalSection(SolutionConfigurationPlatforms) = preSolution
		Debug|Any CPU = Debug|Any CPU
		Release|Any CPU = Release|Any CPU
	EndGlobalSection
	GlobalSection(ProjectConfigurationPlatforms) = postSolution
		{3C4327D3-66DC-47C9-9396-8B60DD00C25B}.Debug|Any CPU.ActiveCfg = Debug|Any CPU
		{3C4327D3-66DC-47C9-9396-8B60DD00C25B}.Debug|Any CPU.Build.0 = Debug|Any CPU
		{3C4327D3-66DC-47C9-9396-8B60DD00C25B}.Release|Any CPU.ActiveCfg = Release|Any CPU
		{3C4327D3-66DC-47C9-9396-8B60DD00C25B}.Release|Any CPU.Build.0 = Release|Any CPU
	EndGlobalSection
	GlobalSection(SolutionProperties) = preSolution
		HideSolutionNode = FALSE
	EndGlobalSection
	GlobalSection(ExtensibilityGlobals) = postSolution
		SolutionGuid = {D1488C51-C3FE-42AC-866D-D9838EE11160}
	EndGlobalSection
EndGlobal
